
Microsoft Visual Studio Solution File, Format Version 12.00
# Visual Studio 15
Project("{FAE04EC0-301F-11D3-BF4B-00C04F79EFBC}") = "Assembly-CSharp", "Assembly-CSharp.csproj", "{B41F8A00-EB96-12E4-9B2C-D5A4DD892212}"
EndProject
Project("{FAE04EC0-301F-11D3-BF4B-00C04F79EFBC}") = "SteamVR", "SteamVR.csproj", "{425D7BE4-DC9A-49FE-EF87-F21A1260C969}"
EndProject
Project("{FAE04EC0-301F-11D3-BF4B-00C04F79EFBC}") = "Assembly-CSharp-firstpass", "Assembly-CSharp-firstpass.csproj", "{2192DBE9-C979-5EB2-40BB-F195DA17728E}"
EndProject
Project("{FAE04EC0-301F-11D3-BF4B-00C04F79EFBC}") = "SteamVR_Actions", "SteamVR_Actions.csproj", "{8BEA68D1-AB59-9FAC-121E-0A1E1AEC8CA6}"
EndProject
Project("{FAE04EC0-301F-11D3-BF4B-00C04F79EFBC}") = "SteamVR_Editor", "SteamVR_Editor.csproj", "{64A72E9B-563F-9750-CFB5-BE834522332D}"
EndProject
Project("{FAE04EC0-301F-11D3-BF4B-00C04F79EFBC}") = "Assembly-CSharp-Editor", "Assembly-CSharp-Editor.csproj", "{5275CADB-AC7B-6918-56B1-37E3239EF677}"
EndProject
Project("{FAE04EC0-301F-11D3-BF4B-00C04F79EFBC}") = "SteamVR_Input_Editor", "SteamVR_Input_Editor.csproj", "{1C88480E-8D74-3BD8-EC75-1721AEAFCF33}"
EndProject
Project("{FAE04EC0-301F-11D3-BF4B-00C04F79EFBC}") = "SteamVR_Windows_EditorHelper", "SteamVR_Windows_EditorHelper.csproj", "{DF878550-0CB1-62E2-2D09-24C8C14665A5}"
EndProject
Global
	GlobalSection(SolutionConfigurationPlatforms) = preSolution
		Debug|Any CPU = Debug|Any CPU
		Release|Any CPU = Release|Any CPU
	EndGlobalSection
	GlobalSection(ProjectConfigurationPlatforms) = postSolution
		{B41F8A00-EB96-12E4-9B2C-D5A4DD892212}.Debug|Any CPU.ActiveCfg = Debug|Any CPU
		{B41F8A00-EB96-12E4-9B2C-D5A4DD892212}.Debug|Any CPU.Build.0 = Debug|Any CPU
		{B41F8A00-EB96-12E4-9B2C-D5A4DD892212}.Release|Any CPU.ActiveCfg = Release|Any CPU
		{B41F8A00-EB96-12E4-9B2C-D5A4DD892212}.Release|Any CPU.Build.0 = Release|Any CPU
		{425D7BE4-DC9A-49FE-EF87-F21A1260C969}.Debug|Any CPU.ActiveCfg = Debug|Any CPU
		{425D7BE4-DC9A-49FE-EF87-F21A1260C969}.Debug|Any CPU.Build.0 = Debug|Any CPU
		{425D7BE4-DC9A-49FE-EF87-F21A1260C969}.Release|Any CPU.ActiveCfg = Release|Any CPU
		{425D7BE4-DC9A-49FE-EF87-F21A1260C969}.Release|Any CPU.Build.0 = Release|Any CPU
		{2192DBE9-C979-5EB2-40BB-F195DA17728E}.Debug|Any CPU.ActiveCfg = Debug|Any CPU
		{2192DBE9-C979-5EB2-40BB-F195DA17728E}.Debug|Any CPU.Build.0 = Debug|Any CPU
		{2192DBE9-C979-5EB2-40BB-F195DA17728E}.Release|Any CPU.ActiveCfg = Release|Any CPU
		{2192DBE9-C979-5EB2-40BB-F195DA17728E}.Release|Any CPU.Build.0 = Release|Any CPU
		{8BEA68D1-AB59-9FAC-121E-0A1E1AEC8CA6}.Debug|Any CPU.ActiveCfg = Debug|Any CPU
		{8BEA68D1-AB59-9FAC-121E-0A1E1AEC8CA6}.Debug|Any CPU.Build.0 = Debug|Any CPU
		{8BEA68D1-AB59-9FAC-121E-0A1E1AEC8CA6}.Release|Any CPU.ActiveCfg = Release|Any CPU
		{8BEA68D1-AB59-9FAC-121E-0A1E1AEC8CA6}.Release|Any CPU.Build.0 = Release|Any CPU
		{64A72E9B-563F-9750-CFB5-BE834522332D}.Debug|Any CPU.ActiveCfg = Debug|Any CPU
		{64A72E9B-563F-9750-CFB5-BE834522332D}.Debug|Any CPU.Build.0 = Debug|Any CPU
		{64A72E9B-563F-9750-CFB5-BE834522332D}.Release|Any CPU.ActiveCfg = Release|Any CPU
		{64A72E9B-563F-9750-CFB5-BE834522332D}.Release|Any CPU.Build.0 = Release|Any CPU
		{5275CADB-AC7B-6918-56B1-37E3239EF677}.Debug|Any CPU.ActiveCfg = Debug|Any CPU
		{5275CADB-AC7B-6918-56B1-37E3239EF677}.Debug|Any CPU.Build.0 = Debug|Any CPU
		{5275CADB-AC7B-6918-56B1-37E3239EF677}.Release|Any CPU.ActiveCfg = Release|Any CPU
		{5275CADB-AC7B-6918-56B1-37E3239EF677}.Release|Any CPU.Build.0 = Release|Any CPU
		{1C88480E-8D74-3BD8-EC75-1721AEAFCF33}.Debug|Any CPU.ActiveCfg = Debug|Any CPU
		{1C88480E-8D74-3BD8-EC75-1721AEAFCF33}.Debug|Any CPU.Build.0 = Debug|Any CPU
		{1C88480E-8D74-3BD8-EC75-1721AEAFCF33}.Release|Any CPU.ActiveCfg = Release|Any CPU
		{1C88480E-8D74-3BD8-EC75-1721AEAFCF33}.Release|Any CPU.Build.0 = Release|Any CPU
		{DF878550-0CB1-62E2-2D09-24C8C14665A5}.Debug|Any CPU.ActiveCfg = Debug|Any CPU
		{DF878550-0CB1-62E2-2D09-24C8C14665A5}.Debug|Any CPU.Build.0 = Debug|Any CPU
		{DF878550-0CB1-62E2-2D09-24C8C14665A5}.Release|Any CPU.ActiveCfg = Release|Any CPU
		{DF878550-0CB1-62E2-2D09-24C8C14665A5}.Release|Any CPU.Build.0 = Release|Any CPU
	EndGlobalSection
	GlobalSection(SolutionProperties) = preSolution
		HideSolutionNode = FALSE
	EndGlobalSection
EndGlobal
